
Microsoft Visual Studio Solution File, Format Version 12.00
# Visual Studio 14
VisualStudioVersion = 14.0.25123.0
MinimumVisualStudioVersion = 10.0.40219.1
Project("{2150E333-8FDC-42A3-9474-1A3956D46DE8}") = "Framework", "Framework", "{F6610365-3D1C-4247-92DE-E5A8017645A4}"
EndProject
Project("{2150E333-8FDC-42A3-9474-1A3956D46DE8}") = "Samples", "Samples", "{1B3DBE80-9EEB-4BC3-8032-E3984BF73CFF}"
EndProject
Project("{2150E333-8FDC-42A3-9474-1A3956D46DE8}") = "Tests", "Tests", "{37249C96-B225-40FC-86A5-F9663D76759A}"
EndProject
Project("{FAE04EC0-301F-11D3-BF4B-00C04F79EFBC}") = "Fluent-CQRS", "Fluent-CQRS\Fluent-CQRS.csproj", "{413E358A-9009-418A-B9ED-0969F3C325F0}"
EndProject
Project("{FAE04EC0-301F-11D3-BF4B-00C04F79EFBC}") = "Fluent-CQRS.Sample.Domain", "Fluent-CQRS.Sample.Domain\Fluent-CQRS.Sample.Domain.csproj", "{D7F28833-BC97-4F70-866B-195AB16C0296}"
EndProject
Project("{FAE04EC0-301F-11D3-BF4B-00C04F79EFBC}") = "Fluent-CQRS.Sample.Contracts", "Fluent-CQRS.Sample.Contracts\Fluent-CQRS.Sample.Contracts.csproj", "{00396ADD-73D9-46CF-B7A0-A74CAE5F92D2}"
EndProject
Project("{FAE04EC0-301F-11D3-BF4B-00C04F79EFBC}") = "Fluent-CQRS.Tests", "Fluent-CQRS.Tests\Fluent-CQRS.Tests.csproj", "{B78C9B6E-CEF1-4361-BD26-F62F73A51188}"
EndProject
Project("{2150E333-8FDC-42A3-9474-1A3956D46DE8}") = "_project", "_project", "{5463B768-5B4F-49BC-B502-0EE0CC97A156}"
	ProjectSection(SolutionItems) = preProject
		..\scripts\build-solution.fsx = ..\scripts\build-solution.fsx
		..\build.bat = ..\build.bat
		..\LICENSE = ..\LICENSE
		package.nuspec = package.nuspec
		..\paket.dependencies = ..\paket.dependencies
		..\README.md = ..\README.md
	EndProjectSection
EndProject
Project("{2150E333-8FDC-42A3-9474-1A3956D46DE8}") = "Fluent Interface", "Fluent Interface", "{F90CAFBD-CA36-4C48-BFBF-F2A957D2C068}"
EndProject
Project("{2150E333-8FDC-42A3-9474-1A3956D46DE8}") = "ProcessManager Sample", "ProcessManager Sample", "{585C1F70-93DA-4629-95F1-546C5B484C76}"
EndProject
Project("{FAE04EC0-301F-11D3-BF4B-00C04F79EFBC}") = "Fluent-CQRS.Domain", "Fluent-CQRS.Domain\Fluent-CQRS.Domain.csproj", "{51F276FC-779A-4711-B115-FC1B452B5D0F}"
EndProject
Project("{FAE04EC0-301F-11D3-BF4B-00C04F79EFBC}") = "Fluent-CQRS.DomainSample.Contracts", "Fluent-CQRS.DomainSample.Contracts\Fluent-CQRS.DomainSample.Contracts.csproj", "{D4907453-9DFF-43FB-BE5C-016C67AC2A33}"
EndProject
Project("{FAE04EC0-301F-11D3-BF4B-00C04F79EFBC}") = "Fluent-CQRS.DomainSample.Domain", "Fluent-CQRS.DomainSample.Domain\Fluent-CQRS.DomainSample.Domain.csproj", "{AEB241D7-3FE2-4ECC-B76D-BEA41AB66229}"
EndProject
Global
	GlobalSection(SolutionConfigurationPlatforms) = preSolution
		Debug|Any CPU = Debug|Any CPU
		Debug-Net35|Any CPU = Debug-Net35|Any CPU
		Debug-Net40|Any CPU = Debug-Net40|Any CPU
		Release|Any CPU = Release|Any CPU
		Release-Net35|Any CPU = Release-Net35|Any CPU
		Release-Net40|Any CPU = Release-Net40|Any CPU
	EndGlobalSection
	GlobalSection(ProjectConfigurationPlatforms) = postSolution
		{413E358A-9009-418A-B9ED-0969F3C325F0}.Debug|Any CPU.ActiveCfg = Debug|Any CPU
		{413E358A-9009-418A-B9ED-0969F3C325F0}.Debug|Any CPU.Build.0 = Debug|Any CPU
		{413E358A-9009-418A-B9ED-0969F3C325F0}.Debug-Net35|Any CPU.ActiveCfg = Debug-Net35|Any CPU
		{413E358A-9009-418A-B9ED-0969F3C325F0}.Debug-Net35|Any CPU.Build.0 = Debug-Net35|Any CPU
		{413E358A-9009-418A-B9ED-0969F3C325F0}.Debug-Net40|Any CPU.ActiveCfg = Debug-Net40|Any CPU
		{413E358A-9009-418A-B9ED-0969F3C325F0}.Debug-Net40|Any CPU.Build.0 = Debug-Net40|Any CPU
		{413E358A-9009-418A-B9ED-0969F3C325F0}.Release|Any CPU.ActiveCfg = Release|Any CPU
		{413E358A-9009-418A-B9ED-0969F3C325F0}.Release|Any CPU.Build.0 = Release|Any CPU
		{413E358A-9009-418A-B9ED-0969F3C325F0}.Release-Net35|Any CPU.ActiveCfg = Release-Net35|Any CPU
		{413E358A-9009-418A-B9ED-0969F3C325F0}.Release-Net35|Any CPU.Build.0 = Release-Net35|Any CPU
		{413E358A-9009-418A-B9ED-0969F3C325F0}.Release-Net40|Any CPU.ActiveCfg = Release-Net40|Any CPU
		{413E358A-9009-418A-B9ED-0969F3C325F0}.Release-Net40|Any CPU.Build.0 = Release-Net40|Any CPU
		{D7F28833-BC97-4F70-866B-195AB16C0296}.Debug|Any CPU.ActiveCfg = Debug|Any CPU
		{D7F28833-BC97-4F70-866B-195AB16C0296}.Debug|Any CPU.Build.0 = Debug|Any CPU
		{D7F28833-BC97-4F70-866B-195AB16C0296}.Debug-Net35|Any CPU.ActiveCfg = Debug-Net35|Any CPU
		{D7F28833-BC97-4F70-866B-195AB16C0296}.Debug-Net35|Any CPU.Build.0 = Debug-Net35|Any CPU
		{D7F28833-BC97-4F70-866B-195AB16C0296}.Debug-Net40|Any CPU.ActiveCfg = Debug-Net40|Any CPU
		{D7F28833-BC97-4F70-866B-195AB16C0296}.Debug-Net40|Any CPU.Build.0 = Debug-Net40|Any CPU
		{D7F28833-BC97-4F70-866B-195AB16C0296}.Release|Any CPU.ActiveCfg = Release|Any CPU
		{D7F28833-BC97-4F70-866B-195AB16C0296}.Release|Any CPU.Build.0 = Release|Any CPU
		{D7F28833-BC97-4F70-866B-195AB16C0296}.Release-Net35|Any CPU.ActiveCfg = Release-Net35|Any CPU
		{D7F28833-BC97-4F70-866B-195AB16C0296}.Release-Net35|Any CPU.Build.0 = Release-Net35|Any CPU
		{D7F28833-BC97-4F70-866B-195AB16C0296}.Release-Net40|Any CPU.ActiveCfg = Release-Net40|Any CPU
		{D7F28833-BC97-4F70-866B-195AB16C0296}.Release-Net40|Any CPU.Build.0 = Release-Net40|Any CPU
		{00396ADD-73D9-46CF-B7A0-A74CAE5F92D2}.Debug|Any CPU.ActiveCfg = Debug|Any CPU
		{00396ADD-73D9-46CF-B7A0-A74CAE5F92D2}.Debug|Any CPU.Build.0 = Debug|Any CPU
		{00396ADD-73D9-46CF-B7A0-A74CAE5F92D2}.Debug-Net35|Any CPU.ActiveCfg = Debug-Net35|Any CPU
		{00396ADD-73D9-46CF-B7A0-A74CAE5F92D2}.Debug-Net35|Any CPU.Build.0 = Debug-Net35|Any CPU
		{00396ADD-73D9-46CF-B7A0-A74CAE5F92D2}.Debug-Net40|Any CPU.ActiveCfg = Debug-Net40|Any CPU
		{00396ADD-73D9-46CF-B7A0-A74CAE5F92D2}.Debug-Net40|Any CPU.Build.0 = Debug-Net40|Any CPU
		{00396ADD-73D9-46CF-B7A0-A74CAE5F92D2}.Release|Any CPU.ActiveCfg = Release|Any CPU
		{00396ADD-73D9-46CF-B7A0-A74CAE5F92D2}.Release|Any CPU.Build.0 = Release|Any CPU
		{00396ADD-73D9-46CF-B7A0-A74CAE5F92D2}.Release-Net35|Any CPU.ActiveCfg = Release-Net35|Any CPU
		{00396ADD-73D9-46CF-B7A0-A74CAE5F92D2}.Release-Net35|Any CPU.Build.0 = Release-Net35|Any CPU
		{00396ADD-73D9-46CF-B7A0-A74CAE5F92D2}.Release-Net40|Any CPU.ActiveCfg = Release-Net40|Any CPU
		{00396ADD-73D9-46CF-B7A0-A74CAE5F92D2}.Release-Net40|Any CPU.Build.0 = Release-Net40|Any CPU
		{B78C9B6E-CEF1-4361-BD26-F62F73A51188}.Debug|Any CPU.ActiveCfg = Debug|Any CPU
		{B78C9B6E-CEF1-4361-BD26-F62F73A51188}.Debug|Any CPU.Build.0 = Debug|Any CPU
		{B78C9B6E-CEF1-4361-BD26-F62F73A51188}.Debug-Net35|Any CPU.ActiveCfg = Debug|Any CPU
		{B78C9B6E-CEF1-4361-BD26-F62F73A51188}.Debug-Net35|Any CPU.Build.0 = Debug|Any CPU
		{B78C9B6E-CEF1-4361-BD26-F62F73A51188}.Debug-Net40|Any CPU.ActiveCfg = Debug|Any CPU
		{B78C9B6E-CEF1-4361-BD26-F62F73A51188}.Debug-Net40|Any CPU.Build.0 = Debug|Any CPU
		{B78C9B6E-CEF1-4361-BD26-F62F73A51188}.Release|Any CPU.ActiveCfg = Release|Any CPU
		{B78C9B6E-CEF1-4361-BD26-F62F73A51188}.Release|Any CPU.Build.0 = Release|Any CPU
		{B78C9B6E-CEF1-4361-BD26-F62F73A51188}.Release-Net35|Any CPU.ActiveCfg = Release|Any CPU
		{B78C9B6E-CEF1-4361-BD26-F62F73A51188}.Release-Net35|Any CPU.Build.0 = Release|Any CPU
		{B78C9B6E-CEF1-4361-BD26-F62F73A51188}.Release-Net40|Any CPU.ActiveCfg = Release|Any CPU
		{B78C9B6E-CEF1-4361-BD26-F62F73A51188}.Release-Net40|Any CPU.Build.0 = Release|Any CPU
		{51F276FC-779A-4711-B115-FC1B452B5D0F}.Debug|Any CPU.ActiveCfg = Debug|Any CPU
		{51F276FC-779A-4711-B115-FC1B452B5D0F}.Debug|Any CPU.Build.0 = Debug|Any CPU
		{51F276FC-779A-4711-B115-FC1B452B5D0F}.Debug-Net35|Any CPU.ActiveCfg = Debug|Any CPU
		{51F276FC-779A-4711-B115-FC1B452B5D0F}.Debug-Net35|Any CPU.Build.0 = Debug|Any CPU
		{51F276FC-779A-4711-B115-FC1B452B5D0F}.Debug-Net40|Any CPU.ActiveCfg = Debug|Any CPU
		{51F276FC-779A-4711-B115-FC1B452B5D0F}.Debug-Net40|Any CPU.Build.0 = Debug|Any CPU
		{51F276FC-779A-4711-B115-FC1B452B5D0F}.Release|Any CPU.ActiveCfg = Release|Any CPU
		{51F276FC-779A-4711-B115-FC1B452B5D0F}.Release|Any CPU.Build.0 = Release|Any CPU
		{51F276FC-779A-4711-B115-FC1B452B5D0F}.Release-Net35|Any CPU.ActiveCfg = Release|Any CPU
		{51F276FC-779A-4711-B115-FC1B452B5D0F}.Release-Net35|Any CPU.Build.0 = Release|Any CPU
		{51F276FC-779A-4711-B115-FC1B452B5D0F}.Release-Net40|Any CPU.ActiveCfg = Release|Any CPU
		{51F276FC-779A-4711-B115-FC1B452B5D0F}.Release-Net40|Any CPU.Build.0 = Release|Any CPU
		{D4907453-9DFF-43FB-BE5C-016C67AC2A33}.Debug|Any CPU.ActiveCfg = Debug|Any CPU
		{D4907453-9DFF-43FB-BE5C-016C67AC2A33}.Debug|Any CPU.Build.0 = Debug|Any CPU
		{D4907453-9DFF-43FB-BE5C-016C67AC2A33}.Debug-Net35|Any CPU.ActiveCfg = Debug|Any CPU
		{D4907453-9DFF-43FB-BE5C-016C67AC2A33}.Debug-Net35|Any CPU.Build.0 = Debug|Any CPU
		{D4907453-9DFF-43FB-BE5C-016C67AC2A33}.Debug-Net40|Any CPU.ActiveCfg = Debug|Any CPU
		{D4907453-9DFF-43FB-BE5C-016C67AC2A33}.Debug-Net40|Any CPU.Build.0 = Debug|Any CPU
		{D4907453-9DFF-43FB-BE5C-016C67AC2A33}.Release|Any CPU.ActiveCfg = Release|Any CPU
		{D4907453-9DFF-43FB-BE5C-016C67AC2A33}.Release|Any CPU.Build.0 = Release|Any CPU
		{D4907453-9DFF-43FB-BE5C-016C67AC2A33}.Release-Net35|Any CPU.ActiveCfg = Release|Any CPU
		{D4907453-9DFF-43FB-BE5C-016C67AC2A33}.Release-Net35|Any CPU.Build.0 = Release|Any CPU
		{D4907453-9DFF-43FB-BE5C-016C67AC2A33}.Release-Net40|Any CPU.ActiveCfg = Release|Any CPU
		{D4907453-9DFF-43FB-BE5C-016C67AC2A33}.Release-Net40|Any CPU.Build.0 = Release|Any CPU
		{AEB241D7-3FE2-4ECC-B76D-BEA41AB66229}.Debug|Any CPU.ActiveCfg = Debug|Any CPU
		{AEB241D7-3FE2-4ECC-B76D-BEA41AB66229}.Debug|Any CPU.Build.0 = Debug|Any CPU
		{AEB241D7-3FE2-4ECC-B76D-BEA41AB66229}.Debug-Net35|Any CPU.ActiveCfg = Debug|Any CPU
		{AEB241D7-3FE2-4ECC-B76D-BEA41AB66229}.Debug-Net35|Any CPU.Build.0 = Debug|Any CPU
		{AEB241D7-3FE2-4ECC-B76D-BEA41AB66229}.Debug-Net40|Any CPU.ActiveCfg = Debug|Any CPU
		{AEB241D7-3FE2-4ECC-B76D-BEA41AB66229}.Debug-Net40|Any CPU.Build.0 = Debug|Any CPU
		{AEB241D7-3FE2-4ECC-B76D-BEA41AB66229}.Release|Any CPU.ActiveCfg = Release|Any CPU
		{AEB241D7-3FE2-4ECC-B76D-BEA41AB66229}.Release|Any CPU.Build.0 = Release|Any CPU
		{AEB241D7-3FE2-4ECC-B76D-BEA41AB66229}.Release-Net35|Any CPU.ActiveCfg = Release|Any CPU
		{AEB241D7-3FE2-4ECC-B76D-BEA41AB66229}.Release-Net35|Any CPU.Build.0 = Release|Any CPU
		{AEB241D7-3FE2-4ECC-B76D-BEA41AB66229}.Release-Net40|Any CPU.ActiveCfg = Release|Any CPU
		{AEB241D7-3FE2-4ECC-B76D-BEA41AB66229}.Release-Net40|Any CPU.Build.0 = Release|Any CPU
	EndGlobalSection
	GlobalSection(SolutionProperties) = preSolution
		HideSolutionNode = FALSE
	EndGlobalSection
	GlobalSection(NestedProjects) = preSolution
		{413E358A-9009-418A-B9ED-0969F3C325F0} = {F6610365-3D1C-4247-92DE-E5A8017645A4}
		{D7F28833-BC97-4F70-866B-195AB16C0296} = {F90CAFBD-CA36-4C48-BFBF-F2A957D2C068}
		{00396ADD-73D9-46CF-B7A0-A74CAE5F92D2} = {F90CAFBD-CA36-4C48-BFBF-F2A957D2C068}
		{B78C9B6E-CEF1-4361-BD26-F62F73A51188} = {37249C96-B225-40FC-86A5-F9663D76759A}
		{F90CAFBD-CA36-4C48-BFBF-F2A957D2C068} = {1B3DBE80-9EEB-4BC3-8032-E3984BF73CFF}
		{585C1F70-93DA-4629-95F1-546C5B484C76} = {1B3DBE80-9EEB-4BC3-8032-E3984BF73CFF}
		{51F276FC-779A-4711-B115-FC1B452B5D0F} = {F6610365-3D1C-4247-92DE-E5A8017645A4}
		{D4907453-9DFF-43FB-BE5C-016C67AC2A33} = {585C1F70-93DA-4629-95F1-546C5B484C76}
		{AEB241D7-3FE2-4ECC-B76D-BEA41AB66229} = {585C1F70-93DA-4629-95F1-546C5B484C76}
	EndGlobalSection
EndGlobal
